
Microsoft Visual Studio Solution File, Format Version 12.00
# Visual Studio Version 16
VisualStudioVersion = 16.0.30503.244
MinimumVisualStudioVersion = 10.0.40219.1
Project("{8BC9CEB8-8B4A-11D0-8D11-00A0C91BC942}") = "GameProject", "GameProject\GameProject.vcxproj", "{6BA37998-BAED-4121-A009-61EAE3843304}"
	ProjectSection(ProjectDependencies) = postProject
		{09253A79-3F24-4F73-9585-BD0059640B88} = {09253A79-3F24-4F73-9585-BD0059640B88}
	EndProjectSection
EndProject
Project("{8BC9CEB8-8B4A-11D0-8D11-00A0C91BC942}") = "Engine", "..\MuffinEngine\Engine\Engine.vcxproj", "{09253A79-3F24-4F73-9585-BD0059640B88}"
EndProject
Global
	GlobalSection(SolutionConfigurationPlatforms) = preSolution
		Debug|x64 = Debug|x64
		Debug|x86 = Debug|x86
		Release|x64 = Release|x64
		Release|x86 = Release|x86
	EndGlobalSection
	GlobalSection(ProjectConfigurationPlatforms) = postSolution
		{6BA37998-BAED-4121-A009-61EAE3843304}.Debug|x64.ActiveCfg = Debug|x64
		{6BA37998-BAED-4121-A009-61EAE3843304}.Debug|x64.Build.0 = Debug|x64
		{6BA37998-BAED-4121-A009-61EAE3843304}.Debug|x86.ActiveCfg = Debug|Win32
		{6BA37998-BAED-4121-A009-61EAE3843304}.Debug|x86.Build.0 = Debug|Win32
		{6BA37998-BAED-4121-A009-61EAE3843304}.Release|x64.ActiveCfg = Release|x64
		{6BA37998-BAED-4121-A009-61EAE3843304}.Release|x64.Build.0 = Release|x64
		{6BA37998-BAED-4121-A009-61EAE3843304}.Release|x86.ActiveCfg = Release|Win32
		{6BA37998-BAED-4121-A009-61EAE3843304}.Release|x86.Build.0 = Release|Win32
		{09253A79-3F24-4F73-9585-BD0059640B88}.Debug|x64.ActiveCfg = Debug|x64
		{09253A79-3F24-4F73-9585-BD0059640B88}.Debug|x64.Build.0 = Debug|x64
		{09253A79-3F24-4F73-9585-BD0059640B88}.Debug|x86.ActiveCfg = Debug|Win32
		{09253A79-3F24-4F73-9585-BD0059640B88}.Debug|x86.Build.0 = Debug|Win32
		{09253A79-3F24-4F73-9585-BD0059640B88}.Release|x64.ActiveCfg = Release|x64
		{09253A79-3F24-4F73-9585-BD0059640B88}.Release|x64.Build.0 = Release|x64
		{09253A79-3F24-4F73-9585-BD0059640B88}.Release|x86.ActiveCfg = Release|Win32
		{09253A79-3F24-4F73-9585-BD0059640B88}.Release|x86.Build.0 = Release|Win32
	EndGlobalSection
	GlobalSection(SolutionProperties) = preSolution
		HideSolutionNode = FALSE
	EndGlobalSection
	GlobalSection(ExtensibilityGlobals) = postSolution
		SolutionGuid = {9B4C7209-682C-4AAD-9DFF-458CBD50D705}
	EndGlobalSection
EndGlobal
